// !$*UTF8*$!
{
	archiveVersion = 1;
	classes = {
	};
	objectVersion = 50;
	objects = {

/* Begin PBXBuildFile section */
		1814F539220DA9E800AA5A26 /* AppDelegate.swift in Sources */ = {isa = PBXBuildFile; fileRef = 1814F538220DA9E800AA5A26 /* AppDelegate.swift */; };
		1814F53B220DA9E800AA5A26 /* ViewController.swift in Sources */ = {isa = PBXBuildFile; fileRef = 1814F53A220DA9E800AA5A26 /* ViewController.swift */; };
		1814F53E220DA9E800AA5A26 /* Main.storyboard in Resources */ = {isa = PBXBuildFile; fileRef = 1814F53C220DA9E800AA5A26 /* Main.storyboard */; };
		1814F540220DA9EA00AA5A26 /* Assets.xcassets in Resources */ = {isa = PBXBuildFile; fileRef = 1814F53F220DA9EA00AA5A26 /* Assets.xcassets */; };
		1814F543220DA9EA00AA5A26 /* LaunchScreen.storyboard in Resources */ = {isa = PBXBuildFile; fileRef = 1814F541220DA9EA00AA5A26 /* LaunchScreen.storyboard */; };
		4E53126F18C625E1E0EE9FA2 /* Pods_Cryptomoney.framework in Frameworks */ = {isa = PBXBuildFile; fileRef = 938A94EB52139E3FFEACA6A6 /* Pods_Cryptomoney.framework */; };
		A51BE08A22632F8700B39E09 /* CustomTableViewCell.swift in Sources */ = {isa = PBXBuildFile; fileRef = A51BE08922632F8700B39E09 /* CustomTableViewCell.swift */; };
		A52E3A19226AEF18003FF156 /* .gitignore in Resources */ = {isa = PBXBuildFile; fileRef = A52E3A18226AEF18003FF156 /* .gitignore */; };
		A580940D2220195B00F49658 /* Alamofire.framework in Frameworks */ = {isa = PBXBuildFile; fileRef = A580940C2220195B00F49658 /* Alamofire.framework */; };
		A5C1DC822295252300017E84 /* Cryptocurrency.swift in Sources */ = {isa = PBXBuildFile; fileRef = A5C1DC812295252300017E84 /* Cryptocurrency.swift */; };
/* End PBXBuildFile section */

/* Begin PBXFileReference section */
		1814F535220DA9E800AA5A26 /* Cryptomoney.app */ = {isa = PBXFileReference; explicitFileType = wrapper.application; includeInIndex = 0; path = Cryptomoney.app; sourceTree = BUILT_PRODUCTS_DIR; };
		1814F538220DA9E800AA5A26 /* AppDelegate.swift */ = {isa = PBXFileReference; lastKnownFileType = sourcecode.swift; path = AppDelegate.swift; sourceTree = "<group>"; };
		1814F53A220DA9E800AA5A26 /* ViewController.swift */ = {isa = PBXFileReference; lastKnownFileType = sourcecode.swift; path = ViewController.swift; sourceTree = "<group>"; };
		1814F53D220DA9E800AA5A26 /* Base */ = {isa = PBXFileReference; lastKnownFileType = file.storyboard; name = Base; path = Base.lproj/Main.storyboard; sourceTree = "<group>"; };
		1814F53F220DA9EA00AA5A26 /* Assets.xcassets */ = {isa = PBXFileReference; lastKnownFileType = folder.assetcatalog; path = Assets.xcassets; sourceTree = "<group>"; };
		1814F542220DA9EA00AA5A26 /* Base */ = {isa = PBXFileReference; lastKnownFileType = file.storyboard; name = Base; path = Base.lproj/LaunchScreen.storyboard; sourceTree = "<group>"; };
		1814F544220DA9EA00AA5A26 /* Info.plist */ = {isa = PBXFileReference; lastKnownFileType = text.plist.xml; path = Info.plist; sourceTree = "<group>"; };
		18A364182212FCC200E65C8A /* Alamofire.framework */ = {isa = PBXFileReference; explicitFileType = wrapper.framework; path = Alamofire.framework; sourceTree = BUILT_PRODUCTS_DIR; };
		5D799F5F996099D2F12E7C35 /* Pods-Cryptomoney.debug.xcconfig */ = {isa = PBXFileReference; includeInIndex = 1; lastKnownFileType = text.xcconfig; name = "Pods-Cryptomoney.debug.xcconfig"; path = "Target Support Files/Pods-Cryptomoney/Pods-Cryptomoney.debug.xcconfig"; sourceTree = "<group>"; };
		938A94EB52139E3FFEACA6A6 /* Pods_Cryptomoney.framework */ = {isa = PBXFileReference; explicitFileType = wrapper.framework; includeInIndex = 0; path = Pods_Cryptomoney.framework; sourceTree = BUILT_PRODUCTS_DIR; };
		A51BE08922632F8700B39E09 /* CustomTableViewCell.swift */ = {isa = PBXFileReference; lastKnownFileType = sourcecode.swift; path = CustomTableViewCell.swift; sourceTree = "<group>"; };
		A52E3A18226AEF18003FF156 /* .gitignore */ = {isa = PBXFileReference; lastKnownFileType = text; path = .gitignore; sourceTree = "<group>"; };
		A580940C2220195B00F49658 /* Alamofire.framework */ = {isa = PBXFileReference; explicitFileType = wrapper.framework; path = Alamofire.framework; sourceTree = BUILT_PRODUCTS_DIR; };
		A5C1DC812295252300017E84 /* Cryptocurrency.swift */ = {isa = PBXFileReference; fileEncoding = 4; lastKnownFileType = sourcecode.swift; path = Cryptocurrency.swift; sourceTree = SOURCE_ROOT; };
		FF6F60E7CC83A0E684C80EF1 /* Pods-Cryptomoney.release.xcconfig */ = {isa = PBXFileReference; includeInIndex = 1; lastKnownFileType = text.xcconfig; name = "Pods-Cryptomoney.release.xcconfig"; path = "Target Support Files/Pods-Cryptomoney/Pods-Cryptomoney.release.xcconfig"; sourceTree = "<group>"; };
/* End PBXFileReference section */

/* Begin PBXFrameworksBuildPhase section */
		1814F532220DA9E800AA5A26 /* Frameworks */ = {
			isa = PBXFrameworksBuildPhase;
			buildActionMask = 2147483647;
			files = (
				A580940D2220195B00F49658 /* Alamofire.framework in Frameworks */,
				4E53126F18C625E1E0EE9FA2 /* Pods_Cryptomoney.framework in Frameworks */,
			);
			runOnlyForDeploymentPostprocessing = 0;
		};
/* End PBXFrameworksBuildPhase section */

/* Begin PBXGroup section */
		1814F52C220DA9E800AA5A26 = {
			isa = PBXGroup;
			children = (
				A52E3A18226AEF18003FF156 /* .gitignore */,
				1814F537220DA9E800AA5A26 /* Cryptomoney */,
				1814F536220DA9E800AA5A26 /* Products */,
				7B3A75F91F11D54AA2E3E597 /* Pods */,
				43135818A40240A28EA763AF /* Frameworks */,
			);
			sourceTree = "<group>";
		};
		1814F536220DA9E800AA5A26 /* Products */ = {
			isa = PBXGroup;
			children = (
				1814F535220DA9E800AA5A26 /* Cryptomoney.app */,
			);
			name = Products;
			sourceTree = "<group>";
		};
		1814F537220DA9E800AA5A26 /* Cryptomoney */ = {
			isa = PBXGroup;
			children = (
				1814F538220DA9E800AA5A26 /* AppDelegate.swift */,
				1814F53A220DA9E800AA5A26 /* ViewController.swift */,
				1814F53C220DA9E800AA5A26 /* Main.storyboard */,
				1814F53F220DA9EA00AA5A26 /* Assets.xcassets */,
				1814F541220DA9EA00AA5A26 /* LaunchScreen.storyboard */,
				1814F544220DA9EA00AA5A26 /* Info.plist */,
				A5C1DC812295252300017E84 /* Cryptocurrency.swift */,
				A51BE08922632F8700B39E09 /* CustomTableViewCell.swift */,
			);
			path = Cryptomoney;
			sourceTree = "<group>";
		};
		43135818A40240A28EA763AF /* Frameworks */ = {
			isa = PBXGroup;
			children = (
				A580940C2220195B00F49658 /* Alamofire.framework */,
				18A364182212FCC200E65C8A /* Alamofire.framework */,
				938A94EB52139E3FFEACA6A6 /* Pods_Cryptomoney.framework */,
			);
			name = Frameworks;
			sourceTree = "<group>";
		};
		7B3A75F91F11D54AA2E3E597 /* Pods */ = {
			isa = PBXGroup;
			children = (
				5D799F5F996099D2F12E7C35 /* Pods-Cryptomoney.debug.xcconfig */,
				FF6F60E7CC83A0E684C80EF1 /* Pods-Cryptomoney.release.xcconfig */,
			);
			path = Pods;
			sourceTree = "<group>";
		};
/* End PBXGroup section */

/* Begin PBXNativeTarget section */
		1814F534220DA9E800AA5A26 /* Cryptomoney */ = {
			isa = PBXNativeTarget;
			buildConfigurationList = 1814F547220DA9EA00AA5A26 /* Build configuration list for PBXNativeTarget "Cryptomoney" */;
			buildPhases = (
				F5304FDBDDC922E254758383 /* [CP] Check Pods Manifest.lock */,
				1814F531220DA9E800AA5A26 /* Sources */,
				1814F532220DA9E800AA5A26 /* Frameworks */,
				1814F533220DA9E800AA5A26 /* Resources */,
				0BB76033A5921D4C38830920 /* [CP] Embed Pods Frameworks */,
			);
			buildRules = (
			);
			dependencies = (
			);
			name = Cryptomoney;
			productName = Cryptomoney;
			productReference = 1814F535220DA9E800AA5A26 /* Cryptomoney.app */;
			productType = "com.apple.product-type.application";
		};
/* End PBXNativeTarget section */

/* Begin PBXProject section */
		1814F52D220DA9E800AA5A26 /* Project object */ = {
			isa = PBXProject;
			attributes = {
				LastSwiftUpdateCheck = 1010;
				LastUpgradeCheck = 1010;
				ORGANIZATIONNAME = "Sergey Yakovlev";
				TargetAttributes = {
					1814F534220DA9E800AA5A26 = {
						CreatedOnToolsVersion = 10.1;
						LastSwiftMigration = 1020;
					};
				};
			};
			buildConfigurationList = 1814F530220DA9E800AA5A26 /* Build configuration list for PBXProject "Cryptomoney" */;
			compatibilityVersion = "Xcode 9.3";
			developmentRegion = en;
			hasScannedForEncodings = 0;
			knownRegions = (
				en,
				Base,
			);
			mainGroup = 1814F52C220DA9E800AA5A26;
			productRefGroup = 1814F536220DA9E800AA5A26 /* Products */;
			projectDirPath = "";
			projectRoot = "";
			targets = (
				1814F534220DA9E800AA5A26 /* Cryptomoney */,
			);
		};
/* End PBXProject section */

/* Begin PBXResourcesBuildPhase section */
		1814F533220DA9E800AA5A26 /* Resources */ = {
			isa = PBXResourcesBuildPhase;
			buildActionMask = 2147483647;
			files = (
				A52E3A19226AEF18003FF156 /* .gitignore in Resources */,
				1814F543220DA9EA00AA5A26 /* LaunchScreen.storyboard in Resources */,
				1814F540220DA9EA00AA5A26 /* Assets.xcassets in Resources */,
				1814F53E220DA9E800AA5A26 /* Main.storyboard in Resources */,
			);
			runOnlyForDeploymentPostprocessing = 0;
		};
/* End PBXResourcesBuildPhase section */

/* Begin PBXShellScriptBuildPhase section */
		0BB76033A5921D4C38830920 /* [CP] Embed Pods Frameworks */ = {
			isa = PBXShellScriptBuildPhase;
			buildActionMask = 2147483647;
			files = (
			);
			inputFileListPaths = (
			);
			inputPaths = (
				"${PODS_ROOT}/Target Support Files/Pods-Cryptomoney/Pods-Cryptomoney-frameworks.sh",
				"${BUILT_PRODUCTS_DIR}/Alamofire/Alamofire.framework",
			);
			name = "[CP] Embed Pods Frameworks";
			outputFileListPaths = (
			);
			outputPaths = (
				"${TARGET_BUILD_DIR}/${FRAMEWORKS_FOLDER_PATH}/Alamofire.framework",
			);
			runOnlyForDeploymentPostprocessing = 0;
			shellPath = /bin/sh;
			shellScript = "\"${PODS_ROOT}/Target Support Files/Pods-Cryptomoney/Pods-Cryptomoney-frameworks.sh\"\n";
			showEnvVarsInLog = 0;
		};
		F5304FDBDDC922E254758383 /* [CP] Check Pods Manifest.lock */ = {
			isa = PBXShellScriptBuildPhase;
			buildActionMask = 2147483647;
			files = (
			);
			inputFileListPaths = (
			);
			inputPaths = (
				"${PODS_PODFILE_DIR_PATH}/Podfile.lock",
				"${PODS_ROOT}/Manifest.lock",
			);
			name = "[CP] Check Pods Manifest.lock";
			outputFileListPaths = (
			);
			outputPaths = (
				"$(DERIVED_FILE_DIR)/Pods-Cryptomoney-checkManifestLockResult.txt",
			);
			runOnlyForDeploymentPostprocessing = 0;
			shellPath = /bin/sh;
			shellScript = "diff \"${PODS_PODFILE_DIR_PATH}/Podfile.lock\" \"${PODS_ROOT}/Manifest.lock\" > /dev/null\nif [ $? != 0 ] ; then\n    # print error to STDERR\n    echo \"error: The sandbox is not in sync with the Podfile.lock. Run 'pod install' or update your CocoaPods installation.\" >&2\n    exit 1\nfi\n# This output is used by Xcode 'outputs' to avoid re-running this script phase.\necho \"SUCCESS\" > \"${SCRIPT_OUTPUT_FILE_0}\"\n";
			showEnvVarsInLog = 0;
		};
/* End PBXShellScriptBuildPhase section */

/* Begin PBXSourcesBuildPhase section */
		1814F531220DA9E800AA5A26 /* Sources */ = {
			isa = PBXSourcesBuildPhase;
			buildActionMask = 2147483647;
			files = (
				A51BE08A22632F8700B39E09 /* CustomTableViewCell.swift in Sources */,
				1814F53B220DA9E800AA5A26 /* ViewController.swift in Sources */,
				1814F539220DA9E800AA5A26 /* AppDelegate.swift in Sources */,
				A5C1DC822295252300017E84 /* Cryptocurrency.swift in Sources */,
			);
			runOnlyForDeploymentPostprocessing = 0;
		};
/* End PBXSourcesBuildPhase section */

/* Begin PBXVariantGroup section */
		1814F53C220DA9E800AA5A26 /* Main.storyboard */ = {
			isa = PBXVariantGroup;
			children = (
				1814F53D220DA9E800AA5A26 /* Base */,
			);
			name = Main.storyboard;
			sourceTree = "<group>";
		};
		1814F541220DA9EA00AA5A26 /* LaunchScreen.storyboard */ = {
			isa = PBXVariantGroup;
			children = (
				1814F542220DA9EA00AA5A26 /* Base */,
			);
			name = LaunchScreen.storyboard;
			sourceTree = "<group>";
		};
/* End PBXVariantGroup section */

/* Begin XCBuildConfiguration section */
		1814F545220DA9EA00AA5A26 /* Debug */ = {
			isa = XCBuildConfiguration;
			buildSettings = {
				ALWAYS_SEARCH_USER_PATHS = NO;
				CLANG_ANALYZER_NONNULL = YES;
				CLANG_ANALYZER_NUMBER_OBJECT_CONVERSION = YES_AGGRESSIVE;
				CLANG_CXX_LANGUAGE_STANDARD = "gnu++14";
				CLANG_CXX_LIBRARY = "libc++";
				CLANG_ENABLE_MODULES = YES;
				CLANG_ENABLE_OBJC_ARC = YES;
				CLANG_ENABLE_OBJC_WEAK = YES;
				CLANG_WARN_BLOCK_CAPTURE_AUTORELEASING = YES;
				CLANG_WARN_BOOL_CONVERSION = YES;
				CLANG_WARN_COMMA = YES;
				CLANG_WARN_CONSTANT_CONVERSION = YES;
				CLANG_WARN_DEPRECATED_OBJC_IMPLEMENTATIONS = YES;
				CLANG_WARN_DIRECT_OBJC_ISA_USAGE = YES_ERROR;
				CLANG_WARN_DOCUMENTATION_COMMENTS = YES;
				CLANG_WARN_EMPTY_BODY = YES;
				CLANG_WARN_ENUM_CONVERSION = YES;
				CLANG_WARN_INFINITE_RECURSION = YES;
				CLANG_WARN_INT_CONVERSION = YES;
				CLANG_WARN_NON_LITERAL_NULL_CONVERSION = YES;
				CLANG_WARN_OBJC_IMPLICIT_RETAIN_SELF = YES;
				CLANG_WARN_OBJC_LITERAL_CONVERSION = YES;
				CLANG_WARN_OBJC_ROOT_CLASS = YES_ERROR;
				CLANG_WARN_RANGE_LOOP_ANALYSIS = YES;
				CLANG_WARN_STRICT_PROTOTYPES = YES;
				CLANG_WARN_SUSPICIOUS_MOVE = YES;
				CLANG_WARN_UNGUARDED_AVAILABILITY = YES_AGGRESSIVE;
				CLANG_WARN_UNREACHABLE_CODE = YES;
				CLANG_WARN__DUPLICATE_METHOD_MATCH = YES;
				CODE_SIGN_IDENTITY = "iPhone Developer";
				COPY_PHASE_STRIP = NO;
				DEBUG_INFORMATION_FORMAT = dwarf;
				ENABLE_STRICT_OBJC_MSGSEND = YES;
				ENABLE_TESTABILITY = YES;
				GCC_C_LANGUAGE_STANDARD = gnu11;
				GCC_DYNAMIC_NO_PIC = NO;
				GCC_NO_COMMON_BLOCKS = YES;
				GCC_OPTIMIZATION_LEVEL = 0;
				GCC_PREPROCESSOR_DEFINITIONS = (
					"DEBUG=1",
					"$(inherited)",
				);
				GCC_WARN_64_TO_32_BIT_CONVERSION = YES;
				GCC_WARN_ABOUT_RETURN_TYPE = YES_ERROR;
				GCC_WARN_UNDECLARED_SELECTOR = YES;
				GCC_WARN_UNINITIALIZED_AUTOS = YES_AGGRESSIVE;
				GCC_WARN_UNUSED_FUNCTION = YES;
				GCC_WARN_UNUSED_VARIABLE = YES;
				IPHONEOS_DEPLOYMENT_TARGET = 12.1;
				MTL_ENABLE_DEBUG_INFO = INCLUDE_SOURCE;
				MTL_FAST_MATH = YES;
				ONLY_ACTIVE_ARCH = YES;
				SDKROOT = iphoneos;
				SWIFT_ACTIVE_COMPILATION_CONDITIONS = DEBUG;
				SWIFT_OPTIMIZATION_LEVEL = "-Onone";
			};
			name = Debug;
		};
		1814F546220DA9EA00AA5A26 /* Release */ = {
			isa = XCBuildConfiguration;
			buildSettings = {
				ALWAYS_SEARCH_USER_PATHS = NO;
				CLANG_ANALYZER_NONNULL = YES;
				CLANG_ANALYZER_NUMBER_OBJECT_CONVERSION = YES_AGGRESSIVE;
				CLANG_CXX_LANGUAGE_STANDARD = "gnu++14";
				CLANG_CXX_LIBRARY = "libc++";
				CLANG_ENABLE_MODULES = YES;
				CLANG_ENABLE_OBJC_ARC = YES;
				CLANG_ENABLE_OBJC_WEAK = YES;
				CLANG_WARN_BLOCK_CAPTURE_AUTORELEASING = YES;
				CLANG_WARN_BOOL_CONVERSION = YES;
				CLANG_WARN_COMMA = YES;
				CLANG_WARN_CONSTANT_CONVERSION = YES;
				CLANG_WARN_DEPRECATED_OBJC_IMPLEMENTATIONS = YES;
				CLANG_WARN_DIRECT_OBJC_ISA_USAGE = YES_ERROR;
				CLANG_WARN_DOCUMENTATION_COMMENTS = YES;
				CLANG_WARN_EMPTY_BODY = YES;
				CLANG_WARN_ENUM_CONVERSION = YES;
				CLANG_WARN_INFINITE_RECURSION = YES;
				CLANG_WARN_INT_CONVERSION = YES;
				CLANG_WARN_NON_LITERAL_NULL_CONVERSION = YES;
				CLANG_WARN_OBJC_IMPLICIT_RETAIN_SELF = YES;
				CLANG_WARN_OBJC_LITERAL_CONVERSION = YES;
				CLANG_WARN_OBJC_ROOT_CLASS = YES_ERROR;
				CLANG_WARN_RANGE_LOOP_ANALYSIS = YES;
				CLANG_WARN_STRICT_PROTOTYPES = YES;
				CLANG_WARN_SUSPICIOUS_MOVE = YES;
				CLANG_WARN_UNGUARDED_AVAILABILITY = YES_AGGRESSIVE;
				CLANG_WARN_UNREACHABLE_CODE = YES;
				CLANG_WARN__DUPLICATE_METHOD_MATCH = YES;
				CODE_SIGN_IDENTITY = "iPhone Developer";
				COPY_PHASE_STRIP = NO;
				DEBUG_INFORMATION_FORMAT = "dwarf-with-dsym";
				ENABLE_NS_ASSERTIONS = NO;
				ENABLE_STRICT_OBJC_MSGSEND = YES;
				GCC_C_LANGUAGE_STANDARD = gnu11;
				GCC_NO_COMMON_BLOCKS = YES;
				GCC_WARN_64_TO_32_BIT_CONVERSION = YES;
				GCC_WARN_ABOUT_RETURN_TYPE = YES_ERROR;
				GCC_WARN_UNDECLARED_SELECTOR = YES;
				GCC_WARN_UNINITIALIZED_AUTOS = YES_AGGRESSIVE;
				GCC_WARN_UNUSED_FUNCTION = YES;
				GCC_WARN_UNUSED_VARIABLE = YES;
				IPHONEOS_DEPLOYMENT_TARGET = 12.1;
				MTL_ENABLE_DEBUG_INFO = NO;
				MTL_FAST_MATH = YES;
				SDKROOT = iphoneos;
				SWIFT_COMPILATION_MODE = wholemodule;
				SWIFT_OPTIMIZATION_LEVEL = "-O";
				VALIDATE_PRODUCT = YES;
			};
			name = Release;
		};
		1814F548220DA9EA00AA5A26 /* Debug */ = {
			isa = XCBuildConfiguration;
			baseConfigurationReference = 5D799F5F996099D2F12E7C35 /* Pods-Cryptomoney.debug.xcconfig */;
			buildSettings = {
				ASSETCATALOG_COMPILER_APPICON_NAME = AppIcon;
				CODE_SIGN_STYLE = Automatic;
				DEVELOPMENT_TEAM = TBU99BV36Y;
				INFOPLIST_FILE = Cryptomoney/Info.plist;
				IPHONEOS_DEPLOYMENT_TARGET = 11.0;
				LD_RUNPATH_SEARCH_PATHS = (
					"$(inherited)",
					"@executable_path/Frameworks",
				);
				PRODUCT_BUNDLE_IDENTIFIER = "syakovlev.welcome-xcode.Cryptomoney";
				PRODUCT_NAME = "$(TARGET_NAME)";
				SWIFT_VERSION = 5.0;
				TARGETED_DEVICE_FAMILY = "1,2";
			};
			name = Debug;
		};
		1814F549220DA9EA00AA5A26 /* Release */ = {
			isa = XCBuildConfiguration;
			baseConfigurationReference = FF6F60E7CC83A0E684C80EF1 /* Pods-Cryptomoney.release.xcconfig */;
			buildSettings = {
				ASSETCATALOG_COMPILER_APPICON_NAME = AppIcon;
				CODE_SIGN_STYLE = Automatic;
				DEVELOPMENT_TEAM = TBU99BV36Y;
				INFOPLIST_FILE = Cryptomoney/Info.plist;
				IPHONEOS_DEPLOYMENT_TARGET = 11.0;
				LD_RUNPATH_SEARCH_PATHS = (
					"$(inherited)",
					"@executable_path/Frameworks",
				);
				PRODUCT_BUNDLE_IDENTIFIER = "syakovlev.welcome-xcode.Cryptomoney";
				PRODUCT_NAME = "$(TARGET_NAME)";
				SWIFT_VERSION = 5.0;
				TARGETED_DEVICE_FAMILY = "1,2";
			};
			name = Release;
		};
/* End XCBuildConfiguration section */

/* Begin XCConfigurationList section */
		1814F530220DA9E800AA5A26 /* Build configuration list for PBXProject "Cryptomoney" */ = {
			isa = XCConfigurationList;
			buildConfigurations = (
				1814F545220DA9EA00AA5A26 /* Debug */,
				1814F546220DA9EA00AA5A26 /* Release */,
			);
			defaultConfigurationIsVisible = 0;
			defaultConfigurationName = Release;
		};
		1814F547220DA9EA00AA5A26 /* Build configuration list for PBXNativeTarget "Cryptomoney" */ = {
			isa = XCConfigurationList;
			buildConfigurations = (
				1814F548220DA9EA00AA5A26 /* Debug */,
				1814F549220DA9EA00AA5A26 /* Release */,
			);
			defaultConfigurationIsVisible = 0;
			defaultConfigurationName = Release;
		};
/* End XCConfigurationList section */
	};
	rootObject = 1814F52D220DA9E800AA5A26 /* Project object */;
}
